
Microsoft Visual Studio Solution File, Format Version 12.00
# Visual Studio Version 16
VisualStudioVersion = 16.0.31911.196
MinimumVisualStudioVersion = 10.0.40219.1
Project("{9A19103F-16F7-4668-BE54-9A1E7A4F7556}") = "1009", "1009\1009.csproj", "{3D1987BD-D41E-47AD-AE01-70C3B3E8F8DB}"
EndProject
Project("{9A19103F-16F7-4668-BE54-9A1E7A4F7556}") = "1010", "1010\1010.csproj", "{3A803847-DE3B-4C97-9363-69624AC7A286}"
EndProject
Project("{9A19103F-16F7-4668-BE54-9A1E7A4F7556}") = "1013", "1013\1013.csproj", "{B7ECEAD7-F845-4EEA-B7D3-2473BD3A2922}"
EndProject
Project("{9A19103F-16F7-4668-BE54-9A1E7A4F7556}") = "1018", "1018\1018.csproj", "{11E71828-B23D-4A64-817E-4ECE6C1A9619}"
EndProject
Project("{9A19103F-16F7-4668-BE54-9A1E7A4F7556}") = "1019", "1019\1019.csproj", "{93686C97-9922-4141-81A5-D81BC56C0EC4}"
EndProject
Project("{9A19103F-16F7-4668-BE54-9A1E7A4F7556}") = "1020", "1020\1020.csproj", "{08EF64A9-70E4-452E-A31D-DDE4E3A7A676}"
EndProject
Project("{9A19103F-16F7-4668-BE54-9A1E7A4F7556}") = "1021", "1021\1021.csproj", "{9CC5A97B-F80C-4862-ABEB-21DF9DEFA5AA}"
EndProject
Project("{9A19103F-16F7-4668-BE54-9A1E7A4F7556}") = "1234", "1234\1234.csproj", "{9E7EF67D-B268-4B1F-80AC-C8065C7AEF57}"
EndProject
Project("{9A19103F-16F7-4668-BE54-9A1E7A4F7556}") = "1507", "1507\1507.csproj", "{FC84AC84-2D46-4FE6-842B-7B373621200C}"
EndProject
Project("{9A19103F-16F7-4668-BE54-9A1E7A4F7556}") = "1244", "1244\1244.csproj", "{8C4547F8-59E1-40AD-B9C6-1648C55A9D23}"
EndProject
Project("{9A19103F-16F7-4668-BE54-9A1E7A4F7556}") = "1251", "1251\1251.csproj", "{CAEF7953-26FE-4483-90DA-A34C5335CB6C}"
EndProject
Project("{FAE04EC0-301F-11D3-BF4B-00C04F79EFBC}") = "1259", "1259\1259.csproj", "{63954571-B92A-4E98-BAF6-349B81CC9978}"
EndProject
Global
	GlobalSection(SolutionConfigurationPlatforms) = preSolution
		Debug|Any CPU = Debug|Any CPU
		Release|Any CPU = Release|Any CPU
	EndGlobalSection
	GlobalSection(ProjectConfigurationPlatforms) = postSolution
		{3D1987BD-D41E-47AD-AE01-70C3B3E8F8DB}.Debug|Any CPU.ActiveCfg = Debug|Any CPU
		{3D1987BD-D41E-47AD-AE01-70C3B3E8F8DB}.Debug|Any CPU.Build.0 = Debug|Any CPU
		{3D1987BD-D41E-47AD-AE01-70C3B3E8F8DB}.Release|Any CPU.ActiveCfg = Release|Any CPU
		{3D1987BD-D41E-47AD-AE01-70C3B3E8F8DB}.Release|Any CPU.Build.0 = Release|Any CPU
		{3A803847-DE3B-4C97-9363-69624AC7A286}.Debug|Any CPU.ActiveCfg = Debug|Any CPU
		{3A803847-DE3B-4C97-9363-69624AC7A286}.Debug|Any CPU.Build.0 = Debug|Any CPU
		{3A803847-DE3B-4C97-9363-69624AC7A286}.Release|Any CPU.ActiveCfg = Release|Any CPU
		{3A803847-DE3B-4C97-9363-69624AC7A286}.Release|Any CPU.Build.0 = Release|Any CPU
		{B7ECEAD7-F845-4EEA-B7D3-2473BD3A2922}.Debug|Any CPU.ActiveCfg = Debug|Any CPU
		{B7ECEAD7-F845-4EEA-B7D3-2473BD3A2922}.Debug|Any CPU.Build.0 = Debug|Any CPU
		{B7ECEAD7-F845-4EEA-B7D3-2473BD3A2922}.Release|Any CPU.ActiveCfg = Release|Any CPU
		{B7ECEAD7-F845-4EEA-B7D3-2473BD3A2922}.Release|Any CPU.Build.0 = Release|Any CPU
		{11E71828-B23D-4A64-817E-4ECE6C1A9619}.Debug|Any CPU.ActiveCfg = Debug|Any CPU
		{11E71828-B23D-4A64-817E-4ECE6C1A9619}.Debug|Any CPU.Build.0 = Debug|Any CPU
		{11E71828-B23D-4A64-817E-4ECE6C1A9619}.Release|Any CPU.ActiveCfg = Release|Any CPU
		{11E71828-B23D-4A64-817E-4ECE6C1A9619}.Release|Any CPU.Build.0 = Release|Any CPU
		{93686C97-9922-4141-81A5-D81BC56C0EC4}.Debug|Any CPU.ActiveCfg = Debug|Any CPU
		{93686C97-9922-4141-81A5-D81BC56C0EC4}.Debug|Any CPU.Build.0 = Debug|Any CPU
		{93686C97-9922-4141-81A5-D81BC56C0EC4}.Release|Any CPU.ActiveCfg = Release|Any CPU
		{93686C97-9922-4141-81A5-D81BC56C0EC4}.Release|Any CPU.Build.0 = Release|Any CPU
		{08EF64A9-70E4-452E-A31D-DDE4E3A7A676}.Debug|Any CPU.ActiveCfg = Debug|Any CPU
		{08EF64A9-70E4-452E-A31D-DDE4E3A7A676}.Debug|Any CPU.Build.0 = Debug|Any CPU
		{08EF64A9-70E4-452E-A31D-DDE4E3A7A676}.Release|Any CPU.ActiveCfg = Release|Any CPU
		{08EF64A9-70E4-452E-A31D-DDE4E3A7A676}.Release|Any CPU.Build.0 = Release|Any CPU
		{9CC5A97B-F80C-4862-ABEB-21DF9DEFA5AA}.Debug|Any CPU.ActiveCfg = Debug|Any CPU
		{9CC5A97B-F80C-4862-ABEB-21DF9DEFA5AA}.Debug|Any CPU.Build.0 = Debug|Any CPU
		{9CC5A97B-F80C-4862-ABEB-21DF9DEFA5AA}.Release|Any CPU.ActiveCfg = Release|Any CPU
		{9CC5A97B-F80C-4862-ABEB-21DF9DEFA5AA}.Release|Any CPU.Build.0 = Release|Any CPU
		{9E7EF67D-B268-4B1F-80AC-C8065C7AEF57}.Debug|Any CPU.ActiveCfg = Debug|Any CPU
		{9E7EF67D-B268-4B1F-80AC-C8065C7AEF57}.Debug|Any CPU.Build.0 = Debug|Any CPU
		{9E7EF67D-B268-4B1F-80AC-C8065C7AEF57}.Release|Any CPU.ActiveCfg = Release|Any CPU
		{9E7EF67D-B268-4B1F-80AC-C8065C7AEF57}.Release|Any CPU.Build.0 = Release|Any CPU
		{FC84AC84-2D46-4FE6-842B-7B373621200C}.Debug|Any CPU.ActiveCfg = Debug|Any CPU
		{FC84AC84-2D46-4FE6-842B-7B373621200C}.Debug|Any CPU.Build.0 = Debug|Any CPU
		{FC84AC84-2D46-4FE6-842B-7B373621200C}.Release|Any CPU.ActiveCfg = Release|Any CPU
		{FC84AC84-2D46-4FE6-842B-7B373621200C}.Release|Any CPU.Build.0 = Release|Any CPU
		{8C4547F8-59E1-40AD-B9C6-1648C55A9D23}.Debug|Any CPU.ActiveCfg = Debug|Any CPU
		{8C4547F8-59E1-40AD-B9C6-1648C55A9D23}.Debug|Any CPU.Build.0 = Debug|Any CPU
		{8C4547F8-59E1-40AD-B9C6-1648C55A9D23}.Release|Any CPU.ActiveCfg = Release|Any CPU
		{8C4547F8-59E1-40AD-B9C6-1648C55A9D23}.Release|Any CPU.Build.0 = Release|Any CPU
		{CAEF7953-26FE-4483-90DA-A34C5335CB6C}.Debug|Any CPU.ActiveCfg = Debug|Any CPU
		{CAEF7953-26FE-4483-90DA-A34C5335CB6C}.Debug|Any CPU.Build.0 = Debug|Any CPU
		{CAEF7953-26FE-4483-90DA-A34C5335CB6C}.Release|Any CPU.ActiveCfg = Release|Any CPU
		{CAEF7953-26FE-4483-90DA-A34C5335CB6C}.Release|Any CPU.Build.0 = Release|Any CPU
		{63954571-B92A-4E98-BAF6-349B81CC9978}.Debug|Any CPU.ActiveCfg = Debug|Any CPU
		{63954571-B92A-4E98-BAF6-349B81CC9978}.Debug|Any CPU.Build.0 = Debug|Any CPU
		{63954571-B92A-4E98-BAF6-349B81CC9978}.Release|Any CPU.ActiveCfg = Release|Any CPU
		{63954571-B92A-4E98-BAF6-349B81CC9978}.Release|Any CPU.Build.0 = Release|Any CPU
	EndGlobalSection
	GlobalSection(SolutionProperties) = preSolution
		HideSolutionNode = FALSE
	EndGlobalSection
	GlobalSection(ExtensibilityGlobals) = postSolution
		SolutionGuid = {B3B36C8B-DCBD-42EA-BE4C-9530A08F61B7}
	EndGlobalSection
EndGlobal
